
Microsoft Visual Studio Solution File, Format Version 12.00
# Visual Studio Version 17
VisualStudioVersion = 17.5.33530.505
MinimumVisualStudioVersion = 10.0.40219.1
Project("{FAE04EC0-301F-11D3-BF4B-00C04F79EFBC}") = "CSharpExamples", "CSharpExamples\CSharpExamples.csproj", "{103C82A9-DA0F-4C43-B851-263524427C65}"
EndProject
Global
	GlobalSection(SolutionConfigurationPlatforms) = preSolution
		Debug|Any CPU = Debug|Any CPU
		Release|Any CPU = Release|Any CPU
	EndGlobalSection
	GlobalSection(ProjectConfigurationPlatforms) = postSolution
		{103C82A9-DA0F-4C43-B851-263524427C65}.Debug|Any CPU.ActiveCfg = Debug|Any CPU
		{103C82A9-DA0F-4C43-B851-263524427C65}.Debug|Any CPU.Build.0 = Debug|Any CPU
		{103C82A9-DA0F-4C43-B851-263524427C65}.Release|Any CPU.ActiveCfg = Release|Any CPU
		{103C82A9-DA0F-4C43-B851-263524427C65}.Release|Any CPU.Build.0 = Release|Any CPU
	EndGlobalSection
	GlobalSection(SolutionProperties) = preSolution
		HideSolutionNode = FALSE
	EndGlobalSection
	GlobalSection(ExtensibilityGlobals) = postSolution
		SolutionGuid = {89CCD230-0FDD-44D6-9D2C-049554F6BBD2}
	EndGlobalSection
EndGlobal
